
Microsoft Visual Studio Solution File, Format Version 12.00
# Visual Studio Version 17
VisualStudioVersion = 17.7.34221.43
MinimumVisualStudioVersion = 10.0.40219.1
Project("{FAE04EC0-301F-11D3-BF4B-00C04F79EFBC}") = "gitproject", "gitproject.csproj", "{FFCB92E3-D692-45CD-B98B-2B8B31D4BFC5}"
EndProject
Global
	GlobalSection(SolutionConfigurationPlatforms) = preSolution
		Debug|Any CPU = Debug|Any CPU
		Release|Any CPU = Release|Any CPU
	EndGlobalSection
	GlobalSection(ProjectConfigurationPlatforms) = postSolution
		{FFCB92E3-D692-45CD-B98B-2B8B31D4BFC5}.Debug|Any CPU.ActiveCfg = Debug|Any CPU
		{FFCB92E3-D692-45CD-B98B-2B8B31D4BFC5}.Debug|Any CPU.Build.0 = Debug|Any CPU
		{FFCB92E3-D692-45CD-B98B-2B8B31D4BFC5}.Release|Any CPU.ActiveCfg = Release|Any CPU
		{FFCB92E3-D692-45CD-B98B-2B8B31D4BFC5}.Release|Any CPU.Build.0 = Release|Any CPU
	EndGlobalSection
	GlobalSection(SolutionProperties) = preSolution
		HideSolutionNode = FALSE
	EndGlobalSection
	GlobalSection(ExtensibilityGlobals) = postSolution
		SolutionGuid = {67CC7FEB-90A8-4BC3-A58F-155B7E237280}
	EndGlobalSection
EndGlobal
